
Microsoft Visual Studio Solution File, Format Version 12.00
# Visual Studio Version 16
VisualStudioVersion = 16.0.30320.27
MinimumVisualStudioVersion = 10.0.40219.1
Project("{FAE04EC0-301F-11D3-BF4B-00C04F79EFBC}") = "IMGVIEWER_FINAL", "IMGVIEWER_FINAL\IMGVIEWER_FINAL.csproj", "{CEB21CDE-4798-47EC-ABCD-847127AFB825}"
EndProject
Global
	GlobalSection(SolutionConfigurationPlatforms) = preSolution
		Debug|Any CPU = Debug|Any CPU
		Release|Any CPU = Release|Any CPU
	EndGlobalSection
	GlobalSection(ProjectConfigurationPlatforms) = postSolution
		{CEB21CDE-4798-47EC-ABCD-847127AFB825}.Debug|Any CPU.ActiveCfg = Debug|Any CPU
		{CEB21CDE-4798-47EC-ABCD-847127AFB825}.Debug|Any CPU.Build.0 = Debug|Any CPU
		{CEB21CDE-4798-47EC-ABCD-847127AFB825}.Release|Any CPU.ActiveCfg = Release|Any CPU
		{CEB21CDE-4798-47EC-ABCD-847127AFB825}.Release|Any CPU.Build.0 = Release|Any CPU
	EndGlobalSection
	GlobalSection(SolutionProperties) = preSolution
		HideSolutionNode = FALSE
	EndGlobalSection
	GlobalSection(ExtensibilityGlobals) = postSolution
		SolutionGuid = {2EF47A5C-7D80-4C2E-991B-FDC599840571}
	EndGlobalSection
EndGlobal
